
Microsoft Visual Studio Solution File, Format Version 12.00
# Visual Studio 15
VisualStudioVersion = 15.0.27703.2047
MinimumVisualStudioVersion = 10.0.40219.1
Project("{FAE04EC0-301F-11D3-BF4B-00C04F79EFBC}") = "Pythagoras", "Pythagoras\Pythagoras.csproj", "{59AA7222-ED0D-4B7F-A8E3-51539F369E54}"
EndProject
Global
	GlobalSection(SolutionConfigurationPlatforms) = preSolution
		Debug|Any CPU = Debug|Any CPU
		Release|Any CPU = Release|Any CPU
	EndGlobalSection
	GlobalSection(ProjectConfigurationPlatforms) = postSolution
		{59AA7222-ED0D-4B7F-A8E3-51539F369E54}.Debug|Any CPU.ActiveCfg = Debug|Any CPU
		{59AA7222-ED0D-4B7F-A8E3-51539F369E54}.Debug|Any CPU.Build.0 = Debug|Any CPU
		{59AA7222-ED0D-4B7F-A8E3-51539F369E54}.Release|Any CPU.ActiveCfg = Release|Any CPU
		{59AA7222-ED0D-4B7F-A8E3-51539F369E54}.Release|Any CPU.Build.0 = Release|Any CPU
	EndGlobalSection
	GlobalSection(SolutionProperties) = preSolution
		HideSolutionNode = FALSE
	EndGlobalSection
	GlobalSection(ExtensibilityGlobals) = postSolution
		SolutionGuid = {59665A65-5660-4D43-94E8-38CD8C9AA4CF}
	EndGlobalSection
EndGlobal
