
Microsoft Visual Studio Solution File, Format Version 12.00
# Visual Studio 15
VisualStudioVersion = 15.0.27703.2047
MinimumVisualStudioVersion = 10.0.40219.1
Project("{FAE04EC0-301F-11D3-BF4B-00C04F79EFBC}") = "Queue PrimeNumbers", "Queue PrimeNumbers\Queue PrimeNumbers.csproj", "{91B5C450-6644-4DA7-A647-DECAF82F2369}"
EndProject
Global
	GlobalSection(SolutionConfigurationPlatforms) = preSolution
		Debug|Any CPU = Debug|Any CPU
		Release|Any CPU = Release|Any CPU
	EndGlobalSection
	GlobalSection(ProjectConfigurationPlatforms) = postSolution
		{91B5C450-6644-4DA7-A647-DECAF82F2369}.Debug|Any CPU.ActiveCfg = Debug|Any CPU
		{91B5C450-6644-4DA7-A647-DECAF82F2369}.Debug|Any CPU.Build.0 = Debug|Any CPU
		{91B5C450-6644-4DA7-A647-DECAF82F2369}.Release|Any CPU.ActiveCfg = Release|Any CPU
		{91B5C450-6644-4DA7-A647-DECAF82F2369}.Release|Any CPU.Build.0 = Release|Any CPU
	EndGlobalSection
	GlobalSection(SolutionProperties) = preSolution
		HideSolutionNode = FALSE
	EndGlobalSection
	GlobalSection(ExtensibilityGlobals) = postSolution
		SolutionGuid = {0207455A-F066-4379-B0BD-12BBB6FDA955}
	EndGlobalSection
EndGlobal
