
Microsoft Visual Studio Solution File, Format Version 12.00
# Visual Studio 15
VisualStudioVersion = 15.0.27703.2047
MinimumVisualStudioVersion = 10.0.40219.1
Project("{FAE04EC0-301F-11D3-BF4B-00C04F79EFBC}") = "Alder", "Alder\Alder.csproj", "{9222523C-07BD-4911-AF94-87762FE01263}"
EndProject
Global
	GlobalSection(SolutionConfigurationPlatforms) = preSolution
		Debug|Any CPU = Debug|Any CPU
		Release|Any CPU = Release|Any CPU
	EndGlobalSection
	GlobalSection(ProjectConfigurationPlatforms) = postSolution
		{9222523C-07BD-4911-AF94-87762FE01263}.Debug|Any CPU.ActiveCfg = Debug|Any CPU
		{9222523C-07BD-4911-AF94-87762FE01263}.Debug|Any CPU.Build.0 = Debug|Any CPU
		{9222523C-07BD-4911-AF94-87762FE01263}.Release|Any CPU.ActiveCfg = Release|Any CPU
		{9222523C-07BD-4911-AF94-87762FE01263}.Release|Any CPU.Build.0 = Release|Any CPU
	EndGlobalSection
	GlobalSection(SolutionProperties) = preSolution
		HideSolutionNode = FALSE
	EndGlobalSection
	GlobalSection(ExtensibilityGlobals) = postSolution
		SolutionGuid = {C0CC742A-0027-4591-8B6C-F8DFE198E26D}
	EndGlobalSection
EndGlobal
