
Microsoft Visual Studio Solution File, Format Version 12.00
# Visual Studio 15
VisualStudioVersion = 15.0.27703.2047
MinimumVisualStudioVersion = 10.0.40219.1
Project("{FAE04EC0-301F-11D3-BF4B-00C04F79EFBC}") = "ConsoleApp1", "ConsoleApp1\ConsoleApp1.csproj", "{40474C9C-C7AF-4189-A437-5C96F8626F6D}"
EndProject
Global
	GlobalSection(SolutionConfigurationPlatforms) = preSolution
		Debug|Any CPU = Debug|Any CPU
		Release|Any CPU = Release|Any CPU
	EndGlobalSection
	GlobalSection(ProjectConfigurationPlatforms) = postSolution
		{40474C9C-C7AF-4189-A437-5C96F8626F6D}.Debug|Any CPU.ActiveCfg = Debug|Any CPU
		{40474C9C-C7AF-4189-A437-5C96F8626F6D}.Debug|Any CPU.Build.0 = Debug|Any CPU
		{40474C9C-C7AF-4189-A437-5C96F8626F6D}.Release|Any CPU.ActiveCfg = Release|Any CPU
		{40474C9C-C7AF-4189-A437-5C96F8626F6D}.Release|Any CPU.Build.0 = Release|Any CPU
	EndGlobalSection
	GlobalSection(SolutionProperties) = preSolution
		HideSolutionNode = FALSE
	EndGlobalSection
	GlobalSection(ExtensibilityGlobals) = postSolution
		SolutionGuid = {B6E2FB15-8D88-405B-954B-5BC160BF65CF}
	EndGlobalSection
EndGlobal
